github.com/Picovoice/pvrecorder/binding/go v1.2.1 h1:p99fkYMFbTS4g4WwbhSPkT9PHvlEoVYGaNoqxCITiEo=
github.com/Picovoice/pvrecorder/binding/go v1.2.1/go.mod h1:gQdvBAjoKmRxMFh8W9cVKWcqHsWvu+d13sCPVFm7dhg=
github.com/go-audio/audio v1.0.0 h1:zS9vebldgbQqktK4H0lUqWrG8P0NxCJVqcj7ZpNnwd4=
github.com/go-audio/audio v1.0.0/go.mod h1:6uAu0+H2lHkwdGsAY+j2wHPNPpPoeg5AaEFh9FlA+Zs=
github.com/go-audio/riff v1.0.0 h1:d8iCGbDvox9BfLagY94fBynxSPHO80LmZCaOsmKxokA=
github.com/go-audio/riff v1.0.0/go.mod h1:l3cQwc85y79NQFCRB7TiPoNiaijp6q8Z0Uv38rVG498=
github.com/go-audio/wav v1.1.0 h1:jQgLtbqBzY7G+BM8fXF7AHUk1uHUviWS4X39d5rsL2g=
github.com/go-audio/wav v1.1.0/go.mod h1:mpe9qfwbScEbkd8uybLuIpTgHyrISw/OTuvjUW2iGtE=
github.com/paul-mannino/go-fuzzywuzzy v0.0.0-20200127021948-54652b135d0e h1:UMX/0xkc/jcivgGjoBumSA1YwxT3eq6rYeWOOEuPU38=
github.com/paul-mannino/go-fuzzywuzzy v0.0.0-20200127021948-54652b135d0e/go.mod h1:AMWhKRluACdXhJMWJiVOuqwmZvJOcdmjgbla/9zOKzE=
github.com/playmixer/pc.assistent/pkg/listen v0.0.0-20231123034843-7171f1ea210e h1:sDEP7BoUj0GCvXz6Q+J4ImPOAxHBCzjo3lE7uhrJ0IA=
github.com/playmixer/pc.assistent/pkg/listen v0.0.0-20231123034843-7171f1ea210e/go.mod h1:obxHR4Dz9WKTO/SM0IChrmC+Cy1W29ni0+7R7uXyToM=
golang.org/x/exp v0.0.0-20231110203233-9a3e6036ecaa h1:FRnLl4eNAQl8hwxVVC17teOw8kdjVDVAiFMtgUdTSRQ=
golang.org/x/exp v0.0.0-20231110203233-9a3e6036ecaa/go.mod h1:zk2irFbV9DP96SEBUUAy67IdHUaZuSnrz1n472HUCLE=
